
Microsoft Visual Studio Solution File, Format Version 12.00
# Visual Studio Version 17
VisualStudioVersion = 17.13.35828.75 d17.13
MinimumVisualStudioVersion = 10.0.40219.1
Project("{FAE04EC0-301F-11D3-BF4B-00C04F79EFBC}") = "RabbitMQ.Publisher", "RabbitMQ.Publisher\RabbitMQ.Publisher.csproj", "{8E26C230-1E2E-4CA6-A1E0-A125482744FF}"
EndProject
Project("{FAE04EC0-301F-11D3-BF4B-00C04F79EFBC}") = "RabbitMQ.Consumer", "RabbitMQ.Consumer\RabbitMQ.Consumer.csproj", "{6BDDE421-4D7B-4E76-92B8-EC5499D6DF56}"
EndProject
Global
	GlobalSection(SolutionConfigurationPlatforms) = preSolution
		Debug|Any CPU = Debug|Any CPU
		Release|Any CPU = Release|Any CPU
	EndGlobalSection
	GlobalSection(ProjectConfigurationPlatforms) = postSolution
		{8E26C230-1E2E-4CA6-A1E0-A125482744FF}.Debug|Any CPU.ActiveCfg = Debug|Any CPU
		{8E26C230-1E2E-4CA6-A1E0-A125482744FF}.Debug|Any CPU.Build.0 = Debug|Any CPU
		{8E26C230-1E2E-4CA6-A1E0-A125482744FF}.Release|Any CPU.ActiveCfg = Release|Any CPU
		{8E26C230-1E2E-4CA6-A1E0-A125482744FF}.Release|Any CPU.Build.0 = Release|Any CPU
		{6BDDE421-4D7B-4E76-92B8-EC5499D6DF56}.Debug|Any CPU.ActiveCfg = Debug|Any CPU
		{6BDDE421-4D7B-4E76-92B8-EC5499D6DF56}.Debug|Any CPU.Build.0 = Debug|Any CPU
		{6BDDE421-4D7B-4E76-92B8-EC5499D6DF56}.Release|Any CPU.ActiveCfg = Release|Any CPU
		{6BDDE421-4D7B-4E76-92B8-EC5499D6DF56}.Release|Any CPU.Build.0 = Release|Any CPU
	EndGlobalSection
	GlobalSection(SolutionProperties) = preSolution
		HideSolutionNode = FALSE
	EndGlobalSection
	GlobalSection(ExtensibilityGlobals) = postSolution
		SolutionGuid = {0237F7CB-DAB3-4184-A3B5-AE02F327E406}
	EndGlobalSection
EndGlobal
